
Microsoft Visual Studio Solution File, Format Version 12.00
# Visual Studio 2012
VisualStudioVersion = 12.0.31101.0
MinimumVisualStudioVersion = 10.0.40219.1
Project("{2150E333-8FDC-42A3-9474-1A3956D46DE8}") = "Solution Items", "Solution Items", "{AF640A3E-37D1-412D-B9E8-60A5A2D82477}"
	ProjectSection(SolutionItems) = preProject
		Performance1.psess = Performance1.psess
	EndProjectSection
EndProject
Project("{FAE04EC0-301F-11D3-BF4B-00C04F79EFBC}") = "GhostTest", "GhostTest\GhostTest.csproj", "{4EA61454-2716-4795-8F75-AA4751091A05}"
EndProject
Project("{FAE04EC0-301F-11D3-BF4B-00C04F79EFBC}") = "Wallin", "Wallin\Wallin.csproj", "{D1B120FC-B027-4B14-A386-5AB6B210087E}"
EndProject
Project("{FAE04EC0-301F-11D3-BF4B-00C04F79EFBC}") = "WallinTest", "WallinTest\WallinTest.csproj", "{7B6B9A5E-B75C-44C5-B6BF-B1F36077280E}"
EndProject
Project("{FAE04EC0-301F-11D3-BF4B-00C04F79EFBC}") = "Ghost_C_sharp", "Ghost_C_sharp.csproj", "{41362AFB-FD60-4108-94B8-D08BBF1EDFAB}"
EndProject
Project("{FAE04EC0-301F-11D3-BF4B-00C04F79EFBC}") = "Ghost", "Ghost\Ghost.csproj", "{11B7D2E1-48AC-4722-81F9-2A59AC674344}"
EndProject
Global
	GlobalSection(SolutionConfigurationPlatforms) = preSolution
		Debug|Any CPU = Debug|Any CPU
		Release|Any CPU = Release|Any CPU
		Debug|x86 = Debug|x86
		Release|x86 = Release|x86
	EndGlobalSection
	GlobalSection(ProjectConfigurationPlatforms) = postSolution
		{11B7D2E1-48AC-4722-81F9-2A59AC674344}.Debug|Any CPU.ActiveCfg = Debug|Any CPU
		{11B7D2E1-48AC-4722-81F9-2A59AC674344}.Debug|Any CPU.Build.0 = Debug|Any CPU
		{11B7D2E1-48AC-4722-81F9-2A59AC674344}.Debug|x86.ActiveCfg = Debug|Any CPU
		{11B7D2E1-48AC-4722-81F9-2A59AC674344}.Debug|x86.Build.0 = Debug|Any CPU
		{11B7D2E1-48AC-4722-81F9-2A59AC674344}.Release|Any CPU.ActiveCfg = Release|Any CPU
		{11B7D2E1-48AC-4722-81F9-2A59AC674344}.Release|Any CPU.Build.0 = Release|Any CPU
		{11B7D2E1-48AC-4722-81F9-2A59AC674344}.Release|x86.ActiveCfg = Release|Any CPU
		{11B7D2E1-48AC-4722-81F9-2A59AC674344}.Release|x86.Build.0 = Release|Any CPU
		{41362AFB-FD60-4108-94B8-D08BBF1EDFAB}.Debug|Any CPU.ActiveCfg = Debug|Any CPU
		{41362AFB-FD60-4108-94B8-D08BBF1EDFAB}.Debug|Any CPU.Build.0 = Debug|Any CPU
		{41362AFB-FD60-4108-94B8-D08BBF1EDFAB}.Debug|x86.ActiveCfg = Debug|Any CPU
		{41362AFB-FD60-4108-94B8-D08BBF1EDFAB}.Debug|x86.Build.0 = Debug|Any CPU
		{41362AFB-FD60-4108-94B8-D08BBF1EDFAB}.Release|Any CPU.ActiveCfg = Release|Any CPU
		{41362AFB-FD60-4108-94B8-D08BBF1EDFAB}.Release|Any CPU.Build.0 = Release|Any CPU
		{41362AFB-FD60-4108-94B8-D08BBF1EDFAB}.Release|x86.ActiveCfg = Release|Any CPU
		{41362AFB-FD60-4108-94B8-D08BBF1EDFAB}.Release|x86.Build.0 = Release|Any CPU
		{4EA61454-2716-4795-8F75-AA4751091A05}.Debug|Any CPU.ActiveCfg = Debug|Any CPU
		{4EA61454-2716-4795-8F75-AA4751091A05}.Debug|Any CPU.Build.0 = Debug|Any CPU
		{4EA61454-2716-4795-8F75-AA4751091A05}.Debug|x86.ActiveCfg = Debug|Any CPU
		{4EA61454-2716-4795-8F75-AA4751091A05}.Debug|x86.Build.0 = Debug|Any CPU
		{4EA61454-2716-4795-8F75-AA4751091A05}.Release|Any CPU.ActiveCfg = Release|Any CPU
		{4EA61454-2716-4795-8F75-AA4751091A05}.Release|Any CPU.Build.0 = Release|Any CPU
		{4EA61454-2716-4795-8F75-AA4751091A05}.Release|x86.ActiveCfg = Release|Any CPU
		{4EA61454-2716-4795-8F75-AA4751091A05}.Release|x86.Build.0 = Release|Any CPU
		{7B6B9A5E-B75C-44C5-B6BF-B1F36077280E}.Debug|Any CPU.ActiveCfg = Debug|Any CPU
		{7B6B9A5E-B75C-44C5-B6BF-B1F36077280E}.Debug|Any CPU.Build.0 = Debug|Any CPU
		{7B6B9A5E-B75C-44C5-B6BF-B1F36077280E}.Debug|x86.ActiveCfg = Debug|Any CPU
		{7B6B9A5E-B75C-44C5-B6BF-B1F36077280E}.Debug|x86.Build.0 = Debug|Any CPU
		{7B6B9A5E-B75C-44C5-B6BF-B1F36077280E}.Release|Any CPU.ActiveCfg = Release|Any CPU
		{7B6B9A5E-B75C-44C5-B6BF-B1F36077280E}.Release|Any CPU.Build.0 = Release|Any CPU
		{7B6B9A5E-B75C-44C5-B6BF-B1F36077280E}.Release|x86.ActiveCfg = Release|Any CPU
		{7B6B9A5E-B75C-44C5-B6BF-B1F36077280E}.Release|x86.Build.0 = Release|Any CPU
		{D1B120FC-B027-4B14-A386-5AB6B210087E}.Debug|Any CPU.ActiveCfg = Debug|x86
		{D1B120FC-B027-4B14-A386-5AB6B210087E}.Debug|Any CPU.Build.0 = Debug|x86
		{D1B120FC-B027-4B14-A386-5AB6B210087E}.Debug|x86.ActiveCfg = Debug|x86
		{D1B120FC-B027-4B14-A386-5AB6B210087E}.Debug|x86.Build.0 = Debug|x86
		{D1B120FC-B027-4B14-A386-5AB6B210087E}.Release|Any CPU.ActiveCfg = Release|x86
		{D1B120FC-B027-4B14-A386-5AB6B210087E}.Release|Any CPU.Build.0 = Release|x86
		{D1B120FC-B027-4B14-A386-5AB6B210087E}.Release|x86.ActiveCfg = Release|x86
		{D1B120FC-B027-4B14-A386-5AB6B210087E}.Release|x86.Build.0 = Release|x86
	EndGlobalSection
	GlobalSection(NestedProjects) = preSolution
	EndGlobalSection
	GlobalSection(MonoDevelopProperties) = preSolution
		BaseDirectory = .
		Policies = $0
		$0.TextStylePolicy = $1
		$1.FileWidth = 120
		$1.TabWidth = 2
		$1.IndentWidth = 2
		$1.inheritsSet = VisualStudio
		$1.inheritsScope = text/plain
		$1.scope = text/x-csharp
		$0.CSharpFormattingPolicy = $2
		$2.AnonymousMethodBraceStyle = NextLine
		$2.PropertyBraceStyle = NextLine
		$2.PropertyGetBraceStyle = NextLine
		$2.PropertySetBraceStyle = NextLine
		$2.EventBraceStyle = NextLine
		$2.EventAddBraceStyle = NextLine
		$2.EventRemoveBraceStyle = NextLine
		$2.StatementBraceStyle = NextLine
		$2.ElseNewLinePlacement = NewLine
		$2.BeforeMethodDeclarationParentheses = False
		$2.WithinMethodDeclarationParentheses = True
		$2.BeforeMethodCallParentheses = False
		$2.WithinMethodCallParentheses = True
		$2.BeforeConstructorDeclarationParentheses = False
		$2.WithinConstructorDeclarationParentheses = True
		$2.BeforeIndexerDeclarationBracket = False
		$2.WithinIndexerDeclarationBracket = True
		$2.BeforeDelegateDeclarationParentheses = False
		$2.AfterDelegateDeclarationParameterComma = True
		$2.WithinDelegateDeclarationParentheses = True
		$2.NewParentheses = False
		$2.IfParentheses = False
		$2.WhileParentheses = False
		$2.ForParentheses = False
		$2.ForeachParentheses = False
		$2.CatchParentheses = False
		$2.SwitchParentheses = False
		$2.LockParentheses = False
		$2.UsingParentheses = False
		$2.WithinParentheses = True
		$2.WithinIfParentheses = True
		$2.WithinWhileParentheses = True
		$2.WithinForParentheses = True
		$2.WithinForEachParentheses = True
		$2.WithinCatchParentheses = True
		$2.WithinSwitchParentheses = True
		$2.WithinLockParentheses = True
		$2.WithinUsingParentheses = True
		$2.WithinSizeOfParentheses = True
		$2.WithinTypeOfParentheses = True
		$2.WithinNewParentheses = True
		$2.SpacesWithinBrackets = True
		$2.SpacesBeforeBrackets = False
		$2.SpacesBeforeForSemicolon = True
		$2.MethodCallArgumentWrapping = WrapIfTooLong
		$2.AlignToFirstMethodCallArgument = True
		$2.MethodDeclarationParameterWrapping = WrapIfTooLong
		$2.IndexerDeclarationParameterWrapping = WrapIfTooLong
		$2.IndexerArgumentWrapping = WrapIfTooLong
		$2.AlignToFirstIndexerArgument = True
		$2.inheritsSet = Mono
		$2.inheritsScope = text/x-csharp
		$2.scope = text/x-csharp
		$0.DotNetNamingPolicy = $3
		$3.DirectoryNamespaceAssociation = None
		$3.ResourceNamePolicy = FileFormatDefault
		$0.StandardHeader = $4
		$4.Text = 
		$4.IncludeInNewFiles = True
		$0.NameConventionPolicy = $5
		$5.Rules = $6
		$6.NamingRule = $7
		$7.Name = Namespaces
		$7.AffectedEntity = Namespace
		$7.VisibilityMask = VisibilityMask
		$7.NamingStyle = PascalCase
		$7.IncludeInstanceMembers = True
		$7.IncludeStaticEntities = True
		$6.NamingRule = $8
		$8.Name = Types
		$8.AffectedEntity = Class, Struct, Enum, Delegate
		$8.VisibilityMask = Public
		$8.NamingStyle = PascalCase
		$8.IncludeInstanceMembers = True
		$8.IncludeStaticEntities = True
		$6.NamingRule = $9
		$9.Name = Interfaces
		$9.RequiredPrefixes = $10
		$10.String = I
		$9.AffectedEntity = Interface
		$9.VisibilityMask = Public
		$9.NamingStyle = PascalCase
		$9.IncludeInstanceMembers = True
		$9.IncludeStaticEntities = True
		$6.NamingRule = $11
		$11.Name = Attributes
		$11.RequiredSuffixes = $12
		$12.String = Attribute
		$11.AffectedEntity = CustomAttributes
		$11.VisibilityMask = Public
		$11.NamingStyle = PascalCase
		$11.IncludeInstanceMembers = True
		$11.IncludeStaticEntities = True
		$6.NamingRule = $13
		$13.Name = Event Arguments
		$13.RequiredSuffixes = $14
		$14.String = EventArgs
		$13.AffectedEntity = CustomEventArgs
		$13.VisibilityMask = Public
		$13.NamingStyle = PascalCase
		$13.IncludeInstanceMembers = True
		$13.IncludeStaticEntities = True
		$6.NamingRule = $15
		$15.Name = Exceptions
		$15.RequiredSuffixes = $16
		$16.String = Exception
		$15.AffectedEntity = CustomExceptions
		$15.VisibilityMask = VisibilityMask
		$15.NamingStyle = PascalCase
		$15.IncludeInstanceMembers = True
		$15.IncludeStaticEntities = True
		$6.NamingRule = $17
		$17.Name = Methods
		$17.AffectedEntity = Methods
		$17.VisibilityMask = Protected, Public
		$17.NamingStyle = PascalCase
		$17.IncludeInstanceMembers = True
		$17.IncludeStaticEntities = True
		$6.NamingRule = $18
		$18.Name = Static Readonly Fields
		$18.AffectedEntity = ReadonlyField
		$18.VisibilityMask = Protected, Public
		$18.NamingStyle = PascalCase
		$18.IncludeInstanceMembers = False
		$18.IncludeStaticEntities = True
		$6.NamingRule = $19
		$19.Name = Fields
		$19.AffectedEntity = Field
		$19.VisibilityMask = Protected, Public
		$19.NamingStyle = PascalCase
		$19.IncludeInstanceMembers = True
		$19.IncludeStaticEntities = True
		$6.NamingRule = $20
		$20.Name = ReadOnly Fields
		$20.AffectedEntity = ReadonlyField
		$20.VisibilityMask = Protected, Public
		$20.NamingStyle = PascalCase
		$20.IncludeInstanceMembers = True
		$20.IncludeStaticEntities = False
		$6.NamingRule = $21
		$21.Name = Constant Fields
		$21.AffectedEntity = ConstantField
		$21.VisibilityMask = Protected, Public
		$21.NamingStyle = PascalCase
		$21.IncludeInstanceMembers = True
		$21.IncludeStaticEntities = True
		$6.NamingRule = $22
		$22.Name = Properties
		$22.AffectedEntity = Property
		$22.VisibilityMask = Protected, Public
		$22.NamingStyle = PascalCase
		$22.IncludeInstanceMembers = True
		$22.IncludeStaticEntities = True
		$6.NamingRule = $23
		$23.Name = Events
		$23.AffectedEntity = Event
		$23.VisibilityMask = Protected, Public
		$23.NamingStyle = PascalCase
		$23.IncludeInstanceMembers = True
		$23.IncludeStaticEntities = True
		$6.NamingRule = $24
		$24.Name = Enum Members
		$24.AffectedEntity = EnumMember
		$24.VisibilityMask = VisibilityMask
		$24.NamingStyle = PascalCase
		$24.IncludeInstanceMembers = True
		$24.IncludeStaticEntities = True
		$6.NamingRule = $25
		$25.Name = Parameters
		$25.AffectedEntity = Parameter
		$25.VisibilityMask = VisibilityMask
		$25.NamingStyle = CamelCase
		$25.IncludeInstanceMembers = True
		$25.IncludeStaticEntities = True
		$6.NamingRule = $26
		$26.Name = Type Parameters
		$26.RequiredPrefixes = $27
		$27.String = T
		$26.AffectedEntity = TypeParameter
		$26.VisibilityMask = VisibilityMask
		$26.NamingStyle = PascalCase
		$26.IncludeInstanceMembers = True
		$26.IncludeStaticEntities = True
		$0.VersionControlPolicy = $28
		$28.inheritsSet = Mono
	EndGlobalSection
	GlobalSection(SolutionProperties) = preSolution
		HideSolutionNode = FALSE
	EndGlobalSection
EndGlobal
